{
    "_readme": [
        "This file locks the dependencies of your project to a known state",
        "Read more about it at https://getcomposer.org/doc/01-basic-usage.md#composer-lock-the-lock-file",
        "This file is @generated automatically"
    ],
    "content-hash": "6c1ad5547828fc97d862dbcf2f860bd4",
    "packages": [
        {
            "name": "aura/router",
            "version": "3.1.0",
            "source": {
                "type": "git",
                "url": "https://github.com/auraphp/Aura.Router.git",
                "reference": "52507bc813c92511dbcacc7463f163ef5149ad38"
            },
            "dist": {
                "type": "zip",
                "url": "https://api.github.com/repos/auraphp/Aura.Router/zipball/52507bc813c92511dbcacc7463f163ef5149ad38",
                "reference": "52507bc813c92511dbcacc7463f163ef5149ad38",
                "shasum": ""
            },
            "require": {
                "php": ">=5.5.0",
                "psr/http-message": "~1.0",
                "psr/log": "~1.0"
            },
            "require-dev": {
                "phpunit/phpunit": "~5.7 || ~4.8",
                "zendframework/zend-diactoros": "~1.0"
            },
            "type": "library",
            "autoload": {
                "psr-4": {
                    "Aura\\Router\\": "src/"
                }
            },
            "notification-url": "https://packagist.org/downloads/",
            "license": [
                "MIT"
            ],
            "authors": [
                {
                    "name": "Aura.Router Contributors",
                    "homepage": "https://github.com/auraphp/Aura.Router/contributors"
                }
            ],
            "description": "Powerful, flexible web routing for PSR-7 requests.",
            "homepage": "https://github.com/auraphp/Aura.Router",
            "keywords": [
                "psr-7",
                "route",
                "router",
                "routing"
            ],
            "time": "2017-03-02T16:34:47+00:00"
        },
        {
            "name": "avadim/chrono",
            "version": "v0.9.1",
            "source": {
                "type": "git",
                "url": "https://github.com/aVadim483/Chrono.git",
                "reference": "d7d543fefd5e922f092b3e2df9d29827818c7fd5"
            },
            "dist": {
                "type": "zip",
                "url": "https://api.github.com/repos/aVadim483/Chrono/zipball/d7d543fefd5e922f092b3e2df9d29827818c7fd5",
                "reference": "d7d543fefd5e922f092b3e2df9d29827818c7fd5",
                "shasum": ""
            },
            "require": {
                "php": ">=5.6"
            },
            "type": "library",
            "autoload": {
                "psr-4": {
                    "avadim\\Chrono\\": "src/"
                }
            },
            "notification-url": "https://packagist.org/downloads/",
            "license": [
                "MIT"
            ],
            "authors": [
                {
                    "name": "Vadim Shemarov aka aVadim",
                    "email": "vshemarov@gmail.com"
                }
            ],
            "description": "Extends the features of PHP DateTime classes",
            "homepage": "https://github.com/aVadim483/Chrono",
            "keywords": [
                "date",
                "datetime",
                "time",
                "timezone"
            ],
            "time": "2017-11-05T17:06:21+00:00"
        },
        {
            "name": "cerdic/css-tidy",
            "version": "v1.5.6",
            "source": {
                "type": "git",
                "url": "https://github.com/Cerdic/CSSTidy.git",
                "reference": "d4443352da925610919f1b49c5f6bb68216b6b60"
            },
            "dist": {
                "type": "zip",
                "url": "https://api.github.com/repos/Cerdic/CSSTidy/zipball/d4443352da925610919f1b49c5f6bb68216b6b60",
                "reference": "d4443352da925610919f1b49c5f6bb68216b6b60",
                "shasum": ""
            },
            "type": "library",
            "autoload": {
                "classmap": [
                    "."
                ]
            },
            "notification-url": "https://packagist.org/downloads/",
            "license": [
                "LGPL-2.1"
            ],
            "authors": [
                {
                    "name": "Cédric MORIN",
                    "email": "changeme@mailinator.com"
                }
            ],
            "description": "CSSTidy is a CSS minifier",
            "time": "2017-09-29T14:18:45+00:00"
        },
        {
            "name": "hassankhan/config",
            "version": "0.10.0",
            "source": {
                "type": "git",
                "url": "https://github.com/hassankhan/config.git",
                "reference": "06ac500348af033f1a2e44dc357ca86282626d4a"
            },
            "dist": {
                "type": "zip",
                "url": "https://api.github.com/repos/hassankhan/config/zipball/06ac500348af033f1a2e44dc357ca86282626d4a",
                "reference": "06ac500348af033f1a2e44dc357ca86282626d4a",
                "shasum": ""
            },
            "require": {
                "php": ">=5.3.0"
            },
            "require-dev": {
                "phpunit/phpunit": "~4.0",
                "scrutinizer/ocular": "~1.1",
                "squizlabs/php_codesniffer": "~2.2"
            },
            "suggest": {
                "symfony/yaml": "~2.5"
            },
            "type": "library",
            "autoload": {
                "psr-4": {
                    "Noodlehaus\\": "src"
                }
            },
            "notification-url": "https://packagist.org/downloads/",
            "license": [
                "MIT"
            ],
            "authors": [
                {
                    "name": "Hassan Khan",
                    "homepage": "http://hassankhan.me/",
                    "role": "Developer"
                }
            ],
            "description": "Lightweight configuration file loader that supports PHP, INI, XML, JSON, and YAML files",
            "homepage": "http://hassankhan.me/config/",
            "keywords": [
                "config",
                "configuration",
                "ini",
                "json",
                "microphp",
                "unframework",
                "xml",
                "yaml",
                "yml"
            ],
            "time": "2016-02-11T16:21:17+00:00"
        },
        {
            "name": "nilportugues/sphinx-search",
            "version": "1.0.3",
            "source": {
                "type": "git",
                "url": "https://github.com/nilportugues/php-sphinx-search.git",
                "reference": "7381e8439fc03577d9f980247cca949b44d5f5cb"
            },
            "dist": {
                "type": "zip",
                "url": "https://api.github.com/repos/nilportugues/php-sphinx-search/zipball/7381e8439fc03577d9f980247cca949b44d5f5cb",
                "reference": "7381e8439fc03577d9f980247cca949b44d5f5cb",
                "shasum": ""
            },
            "require": {
                "php": ">=5.3.0"
            },
            "require-dev": {
                "fabpot/php-cs-fixer": "1.*",
                "phpunit/phpunit": "3.7.*"
            },
            "type": "library",
            "autoload": {
                "psr-0": {
                    "NilPortugues": "src/"
                }
            },
            "notification-url": "https://packagist.org/downloads/",
            "license": [
                "MIT"
            ],
            "authors": [
                {
                    "name": "Nil Portugués Calderó",
                    "email": "contact@nilportugues.com",
                    "homepage": "http://nilportugues.com",
                    "role": "Lead Developer"
                },
                {
                    "name": "Andrew Aksyonoff",
                    "homepage": "http://sphinxsearch.com",
                    "role": "Original Author"
                }
            ],
            "description": "Fully unit tested SphinxClient (SphinxAPI) for PHP5.3 and above to be used with SphinxSearch",
            "homepage": "https://github.com/nilopc/NilPortugues_PHP_Sphinx",
            "keywords": [
                "Sphinx Search",
                "search",
                "search engine",
                "sphinx",
                "sphinxapi"
            ],
            "time": "2016-03-11T14:34:26+00:00"
        },
        {
            "name": "phpmailer/phpmailer",
            "version": "v6.0.1",
            "source": {
                "type": "git",
                "url": "https://github.com/PHPMailer/PHPMailer.git",
                "reference": "992392437c2e2784e0dc41446024fe411d293c96"
            },
            "dist": {
                "type": "zip",
                "url": "https://api.github.com/repos/PHPMailer/PHPMailer/zipball/992392437c2e2784e0dc41446024fe411d293c96",
                "reference": "992392437c2e2784e0dc41446024fe411d293c96",
                "shasum": ""
            },
            "require": {
                "ext-ctype": "*",
                "php": ">=5.5.0"
            },
            "require-dev": {
                "doctrine/annotations": "1.2.*",
                "friendsofphp/php-cs-fixer": "^2.2",
                "phpdocumentor/phpdocumentor": "2.*",
                "phpunit/phpunit": "^4.8 || ^5.7",
                "zendframework/zend-eventmanager": "3.0.*",
                "zendframework/zend-i18n": "2.7.3",
                "zendframework/zend-serializer": "2.7.*"
            },
            "suggest": {
                "ext-mbstring": "Needed to send email in multibyte encoding charset",
                "hayageek/oauth2-yahoo": "Needed for Yahoo XOAUTH2 authentication",
                "league/oauth2-google": "Needed for Google XOAUTH2 authentication",
                "psr/log": "For optional PSR-3 debug logging",
                "stevenmaguire/oauth2-microsoft": "Needed for Microsoft XOAUTH2 authentication",
                "symfony/polyfill-mbstring": "To support UTF-8 if the Mbstring PHP extension is not enabled (^1.2)"
            },
            "type": "library",
            "autoload": {
                "psr-4": {
                    "PHPMailer\\PHPMailer\\": "src/"
                }
            },
            "notification-url": "https://packagist.org/downloads/",
            "license": [
                "LGPL-2.1"
            ],
            "authors": [
                {
                    "name": "Jim Jagielski",
                    "email": "jimjag@gmail.com"
                },
                {
                    "name": "Marcus Bointon",
                    "email": "phpmailer@synchromedia.co.uk"
                },
                {
                    "name": "Andy Prevost",
                    "email": "codeworxtech@users.sourceforge.net"
                },
                {
                    "name": "Brent R. Matzelle"
                }
            ],
            "description": "PHPMailer is a full-featured email creation and transfer class for PHP",
            "time": "2017-09-14T16:47:12+00:00"
        },
        {
            "name": "psr/http-message",
            "version": "1.0.1",
            "source": {
                "type": "git",
                "url": "https://github.com/php-fig/http-message.git",
                "reference": "f6561bf28d520154e4b0ec72be95418abe6d9363"
            },
            "dist": {
                "type": "zip",
                "url": "https://api.github.com/repos/php-fig/http-message/zipball/f6561bf28d520154e4b0ec72be95418abe6d9363",
                "reference": "f6561bf28d520154e4b0ec72be95418abe6d9363",
                "shasum": ""
            },
            "require": {
                "php": ">=5.3.0"
            },
            "type": "library",
            "extra": {
                "branch-alias": {
                    "dev-master": "1.0.x-dev"
                }
            },
            "autoload": {
                "psr-4": {
                    "Psr\\Http\\Message\\": "src/"
                }
            },
            "notification-url": "https://packagist.org/downloads/",
            "license": [
                "MIT"
            ],
            "authors": [
                {
                    "name": "PHP-FIG",
                    "homepage": "http://www.php-fig.org/"
                }
            ],
            "description": "Common interface for HTTP messages",
            "homepage": "https://github.com/php-fig/http-message",
            "keywords": [
                "http",
                "http-message",
                "psr",
                "psr-7",
                "request",
                "response"
            ],
            "time": "2016-08-06T14:39:51+00:00"
        },
        {
            "name": "psr/log",
            "version": "1.0.2",
            "source": {
                "type": "git",
                "url": "https://github.com/php-fig/log.git",
                "reference": "4ebe3a8bf773a19edfe0a84b6585ba3d401b724d"
            },
            "dist": {
                "type": "zip",
                "url": "https://api.github.com/repos/php-fig/log/zipball/4ebe3a8bf773a19edfe0a84b6585ba3d401b724d",
                "reference": "4ebe3a8bf773a19edfe0a84b6585ba3d401b724d",
                "shasum": ""
            },
            "require": {
                "php": ">=5.3.0"
            },
            "type": "library",
            "extra": {
                "branch-alias": {
                    "dev-master": "1.0.x-dev"
                }
            },
            "autoload": {
                "psr-4": {
                    "Psr\\Log\\": "Psr/Log/"
                }
            },
            "notification-url": "https://packagist.org/downloads/",
            "license": [
                "MIT"
            ],
            "authors": [
                {
                    "name": "PHP-FIG",
                    "homepage": "http://www.php-fig.org/"
                }
            ],
            "description": "Common interface for logging libraries",
            "homepage": "https://github.com/php-fig/log",
            "keywords": [
                "log",
                "psr",
                "psr-3"
            ],
            "time": "2016-10-10T12:19:37+00:00"
        },
        {
            "name": "qevix/qevix",
            "version": "v0.4.3",
            "source": {
                "type": "git",
                "url": "https://github.com/AlexanderGrom/php-qevix.git",
                "reference": "8f58f925a4cb64eec290efbfeb734cfc19d5ba37"
            },
            "dist": {
                "type": "zip",
                "url": "https://api.github.com/repos/AlexanderGrom/php-qevix/zipball/8f58f925a4cb64eec290efbfeb734cfc19d5ba37",
                "reference": "8f58f925a4cb64eec290efbfeb734cfc19d5ba37",
                "shasum": ""
            },
            "require": {
                "ext-mbstring": "*",
                "php": ">=5.0.0"
            },
            "type": "library",
            "autoload": {
                "classmap": [
                    "qevix.php"
                ]
            },
            "notification-url": "https://packagist.org/downloads/",
            "license": [
                "MIT"
            ],
            "description": "Automatic filter HTML/XHTML",
            "homepage": "https://github.com/AlexanderGrom/php-qevix",
            "keywords": [
                "html",
                "qevix",
                "xhtml"
            ],
            "time": "2016-12-30T09:28:02+00:00"
        },
        {
            "name": "smarty/smarty",
            "version": "v3.1.31",
            "source": {
                "type": "git",
                "url": "https://github.com/smarty-php/smarty.git",
                "reference": "c7d42e4a327c402897dd587871434888fde1e7a9"
            },
            "dist": {
                "type": "zip",
                "url": "https://api.github.com/repos/smarty-php/smarty/zipball/c7d42e4a327c402897dd587871434888fde1e7a9",
                "reference": "c7d42e4a327c402897dd587871434888fde1e7a9",
                "shasum": ""
            },
            "require": {
                "php": ">=5.2"
            },
            "type": "library",
            "extra": {
                "branch-alias": {
                    "dev-master": "3.1.x-dev"
                }
            },
            "autoload": {
                "files": [
                    "libs/bootstrap.php"
                ]
            },
            "notification-url": "https://packagist.org/downloads/",
            "license": [
                "LGPL-3.0"
            ],
            "authors": [
                {
                    "name": "Monte Ohrt",
                    "email": "monte@ohrt.com"
                },
                {
                    "name": "Uwe Tews",
                    "email": "uwe.tews@googlemail.com"
                },
                {
                    "name": "Rodney Rehm",
                    "email": "rodney.rehm@medialize.de"
                }
            ],
            "description": "Smarty - the compiling PHP template engine",
            "homepage": "http://www.smarty.net",
            "keywords": [
                "templating"
            ],
            "time": "2016-12-14T21:57:25+00:00"
        },
        {
            "name": "tedivm/jshrink",
            "version": "v1.2.0",
            "source": {
                "type": "git",
                "url": "https://github.com/tedious/JShrink.git",
                "reference": "667e99774d230525d4d3dc2a50da7ba6b1d56bad"
            },
            "dist": {
                "type": "zip",
                "url": "https://api.github.com/repos/tedious/JShrink/zipball/667e99774d230525d4d3dc2a50da7ba6b1d56bad",
                "reference": "667e99774d230525d4d3dc2a50da7ba6b1d56bad",
                "shasum": ""
            },
            "require": {
                "php": "^5.6|^7.0"
            },
            "require-dev": {
                "fabpot/php-cs-fixer": "0.4.0",
                "phpunit/phpunit": "4.0.*",
                "satooshi/php-coveralls": "^0.7.0"
            },
            "type": "library",
            "autoload": {
                "psr-0": {
                    "JShrink": "src/"
                }
            },
            "notification-url": "https://packagist.org/downloads/",
            "license": [
                "BSD-3-Clause"
            ],
            "authors": [
                {
                    "name": "Robert Hafner",
                    "email": "tedivm@tedivm.com"
                }
            ],
            "description": "Javascript Minifier built in PHP",
            "homepage": "http://github.com/tedious/JShrink",
            "keywords": [
                "javascript",
                "minifier"
            ],
            "time": "2017-05-30T02:59:46+00:00"
        },
        {
            "name": "wikimedia/composer-merge-plugin",
            "version": "v1.4.1",
            "source": {
                "type": "git",
                "url": "https://github.com/wikimedia/composer-merge-plugin.git",
                "reference": "81c6ac72a24a67383419c7eb9aa2b3437f2ab100"
            },
            "dist": {
                "type": "zip",
                "url": "https://api.github.com/repos/wikimedia/composer-merge-plugin/zipball/81c6ac72a24a67383419c7eb9aa2b3437f2ab100",
                "reference": "81c6ac72a24a67383419c7eb9aa2b3437f2ab100",
                "shasum": ""
            },
            "require": {
                "composer-plugin-api": "^1.0",
                "php": ">=5.3.2"
            },
            "require-dev": {
                "composer/composer": "~1.0.0",
                "jakub-onderka/php-parallel-lint": "~0.8",
                "phpunit/phpunit": "~4.8|~5.0",
                "squizlabs/php_codesniffer": "~2.1.0"
            },
            "type": "composer-plugin",
            "extra": {
                "branch-alias": {
                    "dev-master": "1.3.x-dev"
                },
                "class": "Wikimedia\\Composer\\MergePlugin"
            },
            "autoload": {
                "psr-4": {
                    "Wikimedia\\Composer\\": "src/"
                }
            },
            "notification-url": "https://packagist.org/downloads/",
            "license": [
                "MIT"
            ],
            "authors": [
                {
                    "name": "Bryan Davis",
                    "email": "bd808@wikimedia.org"
                }
            ],
            "description": "Composer plugin to merge multiple composer.json files",
            "time": "2017-04-25T02:31:25+00:00"
        },
        {
            "name": "xxtea/xxtea",
            "version": "dev-master",
            "source": {
                "type": "git",
                "url": "https://github.com/xxtea/xxtea-php.git",
                "reference": "3906dd28e4d18b6434095c5057f550d10d6c3324"
            },
            "dist": {
                "type": "zip",
                "url": "https://api.github.com/repos/xxtea/xxtea-php/zipball/3906dd28e4d18b6434095c5057f550d10d6c3324",
                "reference": "3906dd28e4d18b6434095c5057f550d10d6c3324",
                "shasum": ""
            },
            "require": {
                "php": ">=5.2.0"
            },
            "require-dev": {
                "phpunit/phpunit": ">=4.0.0"
            },
            "type": "library",
            "autoload": {
                "files": [
                    "xxtea.php"
                ]
            },
            "notification-url": "https://packagist.org/downloads/",
            "license": [
                "MIT"
            ],
            "authors": [
                {
                    "name": "Ma Bingyao",
                    "email": "mabingyao@gmail.com",
                    "homepage": "https://github.com/xxtea/xxtea-php",
                    "role": "Developer"
                }
            ],
            "description": "XXTEA is a fast and secure encryption algorithm. This is a XXTEA library for PHP.",
            "homepage": "https://github.com/xxtea/xxtea-php",
            "keywords": [
                "crypt",
                "cryptography",
                "decrypt",
                "encrypt",
                "library",
                "security",
                "xxtea"
            ],
            "time": "2016-03-02T15:39:42+00:00"
        },
        {
            "name": "zendframework/zend-diactoros",
            "version": "1.6.1",
            "source": {
                "type": "git",
                "url": "https://github.com/zendframework/zend-diactoros.git",
                "reference": "c8664b92a6d5bc229e48b0923486c097e45a7877"
            },
            "dist": {
                "type": "zip",
                "url": "https://api.github.com/repos/zendframework/zend-diactoros/zipball/c8664b92a6d5bc229e48b0923486c097e45a7877",
                "reference": "c8664b92a6d5bc229e48b0923486c097e45a7877",
                "shasum": ""
            },
            "require": {
                "php": "^5.6 || ^7.0",
                "psr/http-message": "^1.0"
            },
            "provide": {
                "psr/http-message-implementation": "1.0"
            },
            "require-dev": {
                "ext-dom": "*",
                "ext-libxml": "*",
                "phpunit/phpunit": "^5.7.16 || ^6.0.8",
                "zendframework/zend-coding-standard": "~1.0"
            },
            "type": "library",
            "extra": {
                "branch-alias": {
                    "dev-master": "1.6-dev",
                    "dev-develop": "1.7-dev"
                }
            },
            "autoload": {
                "psr-4": {
                    "Zend\\Diactoros\\": "src/"
                }
            },
            "notification-url": "https://packagist.org/downloads/",
            "license": [
                "BSD-2-Clause"
            ],
            "description": "PSR HTTP Message implementations",
            "homepage": "https://github.com/zendframework/zend-diactoros",
            "keywords": [
                "http",
                "psr",
                "psr-7"
            ],
            "time": "2017-10-12T15:24:51+00:00"
        }
    ],
    "packages-dev": [],
    "aliases": [],
    "minimum-stability": "stable",
    "stability-flags": {
        "xxtea/xxtea": 20
    },
    "prefer-stable": false,
    "prefer-lowest": false,
    "platform": {
        "php": "^5.6 || ^7.0",
        "ext-mbstring": "*"
    },
    "platform-dev": []
}
